Microsoft Visual Studio Solution File, Format Version 12.00
# Visual Studio 15
VisualStudioVersion = 15.0.26124.0
MinimumVisualStudioVersion = 15.0.26124.0
Project("{9A19103F-16F7-4668-BE54-9A1E7A4F7556}") = "BaltaStore.Api", "BaltaStore.Api\BaltaStore.Api.csproj", "{E0296B1F-7B52-4F16-9A28-CD344C7E08D6}"
EndProject
Project("{9A19103F-16F7-4668-BE54-9A1E7A4F7556}") = "BaltaStore.Domain", "BaltaStore.Domain\BaltaStore.Domain.csproj", "{867532E8-94AE-4D1A-B030-856B7001B486}"
EndProject
Project("{9A19103F-16F7-4668-BE54-9A1E7A4F7556}") = "BaltaStore.Tests", "BaltaStore.Tests\BaltaStore.Tests.csproj", "{6E1D23E8-DC8D-4DCF-8F4D-C5447D473550}"
EndProject
Project("{9A19103F-16F7-4668-BE54-9A1E7A4F7556}") = "BaltaStore.Shared", "BaltaStore.Shared\BaltaStore.Shared.csproj", "{D38E629D-D433-4213-8B84-D6053CF74155}"
EndProject
Global
	GlobalSection(SolutionConfigurationPlatforms) = preSolution
		Debug|Any CPU = Debug|Any CPU
		Debug|x64 = Debug|x64
		Debug|x86 = Debug|x86
		Release|Any CPU = Release|Any CPU
		Release|x64 = Release|x64
		Release|x86 = Release|x86
	EndGlobalSection
	GlobalSection(ProjectConfigurationPlatforms) = postSolution
		{E0296B1F-7B52-4F16-9A28-CD344C7E08D6}.Debug|Any CPU.ActiveCfg = Debug|Any CPU
		{E0296B1F-7B52-4F16-9A28-CD344C7E08D6}.Debug|Any CPU.Build.0 = Debug|Any CPU
		{E0296B1F-7B52-4F16-9A28-CD344C7E08D6}.Debug|x64.ActiveCfg = Debug|Any CPU
		{E0296B1F-7B52-4F16-9A28-CD344C7E08D6}.Debug|x64.Build.0 = Debug|Any CPU
		{E0296B1F-7B52-4F16-9A28-CD344C7E08D6}.Debug|x86.ActiveCfg = Debug|Any CPU
		{E0296B1F-7B52-4F16-9A28-CD344C7E08D6}.Debug|x86.Build.0 = Debug|Any CPU
		{E0296B1F-7B52-4F16-9A28-CD344C7E08D6}.Release|Any CPU.ActiveCfg = Release|Any CPU
		{E0296B1F-7B52-4F16-9A28-CD344C7E08D6}.Release|Any CPU.Build.0 = Release|Any CPU
		{E0296B1F-7B52-4F16-9A28-CD344C7E08D6}.Release|x64.ActiveCfg = Release|Any CPU
		{E0296B1F-7B52-4F16-9A28-CD344C7E08D6}.Release|x64.Build.0 = Release|Any CPU
		{E0296B1F-7B52-4F16-9A28-CD344C7E08D6}.Release|x86.ActiveCfg = Release|Any CPU
		{E0296B1F-7B52-4F16-9A28-CD344C7E08D6}.Release|x86.Build.0 = Release|Any CPU
		{867532E8-94AE-4D1A-B030-856B7001B486}.Debug|Any CPU.ActiveCfg = Debug|Any CPU
		{867532E8-94AE-4D1A-B030-856B7001B486}.Debug|Any CPU.Build.0 = Debug|Any CPU
		{867532E8-94AE-4D1A-B030-856B7001B486}.Debug|x64.ActiveCfg = Debug|Any CPU
		{867532E8-94AE-4D1A-B030-856B7001B486}.Debug|x64.Build.0 = Debug|Any CPU
		{867532E8-94AE-4D1A-B030-856B7001B486}.Debug|x86.ActiveCfg = Debug|Any CPU
		{867532E8-94AE-4D1A-B030-856B7001B486}.Debug|x86.Build.0 = Debug|Any CPU
		{867532E8-94AE-4D1A-B030-856B7001B486}.Release|Any CPU.ActiveCfg = Release|Any CPU
		{867532E8-94AE-4D1A-B030-856B7001B486}.Release|Any CPU.Build.0 = Release|Any CPU
		{867532E8-94AE-4D1A-B030-856B7001B486}.Release|x64.ActiveCfg = Release|Any CPU
		{867532E8-94AE-4D1A-B030-856B7001B486}.Release|x64.Build.0 = Release|Any CPU
		{867532E8-94AE-4D1A-B030-856B7001B486}.Release|x86.ActiveCfg = Release|Any CPU
		{867532E8-94AE-4D1A-B030-856B7001B486}.Release|x86.Build.0 = Release|Any CPU
		{6E1D23E8-DC8D-4DCF-8F4D-C5447D473550}.Debug|Any CPU.ActiveCfg = Debug|Any CPU
		{6E1D23E8-DC8D-4DCF-8F4D-C5447D473550}.Debug|Any CPU.Build.0 = Debug|Any CPU
		{6E1D23E8-DC8D-4DCF-8F4D-C5447D473550}.Debug|x64.ActiveCfg = Debug|Any CPU
		{6E1D23E8-DC8D-4DCF-8F4D-C5447D473550}.Debug|x64.Build.0 = Debug|Any CPU
		{6E1D23E8-DC8D-4DCF-8F4D-C5447D473550}.Debug|x86.ActiveCfg = Debug|Any CPU
		{6E1D23E8-DC8D-4DCF-8F4D-C5447D473550}.Debug|x86.Build.0 = Debug|Any CPU
		{6E1D23E8-DC8D-4DCF-8F4D-C5447D473550}.Release|Any CPU.ActiveCfg = Release|Any CPU
		{6E1D23E8-DC8D-4DCF-8F4D-C5447D473550}.Release|Any CPU.Build.0 = Release|Any CPU
		{6E1D23E8-DC8D-4DCF-8F4D-C5447D473550}.Release|x64.ActiveCfg = Release|Any CPU
		{6E1D23E8-DC8D-4DCF-8F4D-C5447D473550}.Release|x64.Build.0 = Release|Any CPU
		{6E1D23E8-DC8D-4DCF-8F4D-C5447D473550}.Release|x86.ActiveCfg = Release|Any CPU
		{6E1D23E8-DC8D-4DCF-8F4D-C5447D473550}.Release|x86.Build.0 = Release|Any CPU
		{D38E629D-D433-4213-8B84-D6053CF74155}.Debug|Any CPU.ActiveCfg = Debug|Any CPU
		{D38E629D-D433-4213-8B84-D6053CF74155}.Debug|Any CPU.Build.0 = Debug|Any CPU
		{D38E629D-D433-4213-8B84-D6053CF74155}.Debug|x64.ActiveCfg = Debug|Any CPU
		{D38E629D-D433-4213-8B84-D6053CF74155}.Debug|x64.Build.0 = Debug|Any CPU
		{D38E629D-D433-4213-8B84-D6053CF74155}.Debug|x86.ActiveCfg = Debug|Any CPU
		{D38E629D-D433-4213-8B84-D6053CF74155}.Debug|x86.Build.0 = Debug|Any CPU
		{D38E629D-D433-4213-8B84-D6053CF74155}.Release|Any CPU.ActiveCfg = Release|Any CPU
		{D38E629D-D433-4213-8B84-D6053CF74155}.Release|Any CPU.Build.0 = Release|Any CPU
		{D38E629D-D433-4213-8B84-D6053CF74155}.Release|x64.ActiveCfg = Release|Any CPU
		{D38E629D-D433-4213-8B84-D6053CF74155}.Release|x64.Build.0 = Release|Any CPU
		{D38E629D-D433-4213-8B84-D6053CF74155}.Release|x86.ActiveCfg = Release|Any CPU
		{D38E629D-D433-4213-8B84-D6053CF74155}.Release|x86.Build.0 = Release|Any CPU
	EndGlobalSection
	GlobalSection(SolutionProperties) = preSolution
		HideSolutionNode = FALSE
	EndGlobalSection
	GlobalSection(ExtensibilityGlobals) = postSolution
		SolutionGuid = {EF0CD0DA-DA0F-4C6F-87A0-8012EE3898EA}
	EndGlobalSection
EndGlobal
